
Microsoft Visual Studio Solution File, Format Version 12.00
# Visual Studio Version 17
VisualStudioVersion = 17.3.32922.545
MinimumVisualStudioVersion = 10.0.40219.1
Project("{8BC9CEB8-8B4A-11D0-8D11-00A0C91BC942}") = "jxl", "jxl.vcxproj", "{9A2F1226-F015-4A4D-988C-ACC96576A556}"
EndProject
Project("{8BC9CEB8-8B4A-11D0-8D11-00A0C91BC942}") = "highway", "highway.vcxproj", "{FB0D9E5C-6C47-4B88-AD51-27FC9DC63BEB}"
EndProject
Project("{8BC9CEB8-8B4A-11D0-8D11-00A0C91BC942}") = "brotli", "brotli.vcxproj", "{EC86E62A-3F1F-41FD-8B5A-46D4174E2C1D}"
EndProject
Global
	GlobalSection(SolutionConfigurationPlatforms) = preSolution
		Debug DLL|ARM64 = Debug DLL|ARM64
		Debug DLL|x64 = Debug DLL|x64
		Debug|ARM64 = Debug|ARM64
		Debug|x64 = Debug|x64
		Release DLL|ARM64 = Release DLL|ARM64
		Release DLL|x64 = Release DLL|x64
		Release|ARM64 = Release|ARM64
		Release|x64 = Release|x64
	EndGlobalSection
	GlobalSection(ProjectConfigurationPlatforms) = postSolution
		{9A2F1226-F015-4A4D-988C-ACC96576A556}.Debug DLL|ARM64.ActiveCfg = Debug DLL|ARM64
		{9A2F1226-F015-4A4D-988C-ACC96576A556}.Debug DLL|ARM64.Build.0 = Debug DLL|ARM64
		{9A2F1226-F015-4A4D-988C-ACC96576A556}.Debug DLL|x64.ActiveCfg = Debug DLL|x64
		{9A2F1226-F015-4A4D-988C-ACC96576A556}.Debug DLL|x64.Build.0 = Debug DLL|x64
		{9A2F1226-F015-4A4D-988C-ACC96576A556}.Debug|ARM64.ActiveCfg = Debug|ARM64
		{9A2F1226-F015-4A4D-988C-ACC96576A556}.Debug|ARM64.Build.0 = Debug|ARM64
		{9A2F1226-F015-4A4D-988C-ACC96576A556}.Debug|x64.ActiveCfg = Debug|x64
		{9A2F1226-F015-4A4D-988C-ACC96576A556}.Debug|x64.Build.0 = Debug|x64
		{9A2F1226-F015-4A4D-988C-ACC96576A556}.Release DLL|ARM64.ActiveCfg = Release DLL|ARM64
		{9A2F1226-F015-4A4D-988C-ACC96576A556}.Release DLL|ARM64.Build.0 = Release DLL|ARM64
		{9A2F1226-F015-4A4D-988C-ACC96576A556}.Release DLL|x64.ActiveCfg = Release DLL|x64
		{9A2F1226-F015-4A4D-988C-ACC96576A556}.Release DLL|x64.Build.0 = Release DLL|x64
		{9A2F1226-F015-4A4D-988C-ACC96576A556}.Release|ARM64.ActiveCfg = Release|ARM64
		{9A2F1226-F015-4A4D-988C-ACC96576A556}.Release|ARM64.Build.0 = Release|ARM64
		{9A2F1226-F015-4A4D-988C-ACC96576A556}.Release|x64.ActiveCfg = Release|x64
		{9A2F1226-F015-4A4D-988C-ACC96576A556}.Release|x64.Build.0 = Release|x64
		{FB0D9E5C-6C47-4B88-AD51-27FC9DC63BEB}.Debug DLL|ARM64.ActiveCfg = Debug DLL|ARM64
		{FB0D9E5C-6C47-4B88-AD51-27FC9DC63BEB}.Debug DLL|ARM64.Build.0 = Debug DLL|ARM64
		{FB0D9E5C-6C47-4B88-AD51-27FC9DC63BEB}.Debug DLL|x64.ActiveCfg = Debug DLL|x64
		{FB0D9E5C-6C47-4B88-AD51-27FC9DC63BEB}.Debug DLL|x64.Build.0 = Debug DLL|x64
		{FB0D9E5C-6C47-4B88-AD51-27FC9DC63BEB}.Debug|ARM64.ActiveCfg = Debug|ARM64
		{FB0D9E5C-6C47-4B88-AD51-27FC9DC63BEB}.Debug|ARM64.Build.0 = Debug|ARM64
		{FB0D9E5C-6C47-4B88-AD51-27FC9DC63BEB}.Debug|x64.ActiveCfg = Debug|x64
		{FB0D9E5C-6C47-4B88-AD51-27FC9DC63BEB}.Debug|x64.Build.0 = Debug|x64
		{FB0D9E5C-6C47-4B88-AD51-27FC9DC63BEB}.Release DLL|ARM64.ActiveCfg = Release DLL|ARM64
		{FB0D9E5C-6C47-4B88-AD51-27FC9DC63BEB}.Release DLL|ARM64.Build.0 = Release DLL|ARM64
		{FB0D9E5C-6C47-4B88-AD51-27FC9DC63BEB}.Release DLL|x64.ActiveCfg = Release DLL|x64
		{FB0D9E5C-6C47-4B88-AD51-27FC9DC63BEB}.Release DLL|x64.Build.0 = Release DLL|x64
		{FB0D9E5C-6C47-4B88-AD51-27FC9DC63BEB}.Release|ARM64.ActiveCfg = Release|ARM64
		{FB0D9E5C-6C47-4B88-AD51-27FC9DC63BEB}.Release|ARM64.Build.0 = Release|ARM64
		{FB0D9E5C-6C47-4B88-AD51-27FC9DC63BEB}.Release|x64.ActiveCfg = Release|x64
		{FB0D9E5C-6C47-4B88-AD51-27FC9DC63BEB}.Release|x64.Build.0 = Release|x64
		{EC86E62A-3F1F-41FD-8B5A-46D4174E2C1D}.Debug DLL|ARM64.ActiveCfg = Debug DLL|ARM64
		{EC86E62A-3F1F-41FD-8B5A-46D4174E2C1D}.Debug DLL|ARM64.Build.0 = Debug DLL|ARM64
		{EC86E62A-3F1F-41FD-8B5A-46D4174E2C1D}.Debug DLL|x64.ActiveCfg = Debug DLL|x64
		{EC86E62A-3F1F-41FD-8B5A-46D4174E2C1D}.Debug DLL|x64.Build.0 = Debug DLL|x64
		{EC86E62A-3F1F-41FD-8B5A-46D4174E2C1D}.Debug|ARM64.ActiveCfg = Debug|ARM64
		{EC86E62A-3F1F-41FD-8B5A-46D4174E2C1D}.Debug|ARM64.Build.0 = Debug|ARM64
		{EC86E62A-3F1F-41FD-8B5A-46D4174E2C1D}.Debug|x64.ActiveCfg = Debug|x64
		{EC86E62A-3F1F-41FD-8B5A-46D4174E2C1D}.Debug|x64.Build.0 = Debug|x64
		{EC86E62A-3F1F-41FD-8B5A-46D4174E2C1D}.Release DLL|ARM64.ActiveCfg = Release DLL|ARM64
		{EC86E62A-3F1F-41FD-8B5A-46D4174E2C1D}.Release DLL|ARM64.Build.0 = Release DLL|ARM64
		{EC86E62A-3F1F-41FD-8B5A-46D4174E2C1D}.Release DLL|x64.ActiveCfg = Release DLL|x64
		{EC86E62A-3F1F-41FD-8B5A-46D4174E2C1D}.Release DLL|x64.Build.0 = Release DLL|x64
		{EC86E62A-3F1F-41FD-8B5A-46D4174E2C1D}.Release|ARM64.ActiveCfg = Release|ARM64
		{EC86E62A-3F1F-41FD-8B5A-46D4174E2C1D}.Release|ARM64.Build.0 = Release|ARM64
		{EC86E62A-3F1F-41FD-8B5A-46D4174E2C1D}.Release|x64.ActiveCfg = Release|x64
		{EC86E62A-3F1F-41FD-8B5A-46D4174E2C1D}.Release|x64.Build.0 = Release|x64
	EndGlobalSection
	GlobalSection(SolutionProperties) = preSolution
		HideSolutionNode = FALSE
	EndGlobalSection
	GlobalSection(ExtensibilityGlobals) = postSolution
		SolutionGuid = {DCD8F094-6EC5-4559-8055-A9E2EB5F86ED}
	EndGlobalSection
EndGlobal
