<?xml version="1.0" encoding="utf-8"?>
<Project ToolsVersion="4.0" xmlns="http://schemas.microsoft.com/developer/msbuild/2003">
  <ItemGroup>
    <Filter Include="Source Files">
      <UniqueIdentifier>{4FC737F1-C7A5-4376-A066-2A32D752A2FF}</UniqueIdentifier>
      <Extensions>cpp;c;cc;cxx;c++;cppm;ixx;def;odl;idl;hpj;bat;asm;asmx</Extensions>
    </Filter>
    <Filter Include="Header Files">
      <UniqueIdentifier>{93995380-89BD-4b04-88EB-625FBE52EBFB}</UniqueIdentifier>
      <Extensions>h;hh;hpp;hxx;h++;hm;inl;inc;ipp;xsd</Extensions>
    </Filter>
    <Filter Include="Resource Files">
      <UniqueIdentifier>{67DA6AB6-F800-4c08-8B7A-83BB121AAD01}</UniqueIdentifier>
      <Extensions>rc;ico;cur;bmp;dlg;rc2;rct;bin;rgs;gif;jpg;jpeg;jpe;resx;tiff;tif;png;wav;mfcribbon-ms</Extensions>
    </Filter>
    <Filter Include="settings">
      <UniqueIdentifier>{3ceb0d0a-e672-4df2-b34a-68e23060e3ae}</UniqueIdentifier>
    </Filter>
    <Filter Include="skcms">
      <UniqueIdentifier>{10059e83-fadc-4dd6-9de9-0ade439a6e9a}</UniqueIdentifier>
    </Filter>
  </ItemGroup>
  <ItemGroup>
    <ClInclude Include="framework.h">
      <Filter>Header Files</Filter>
    </ClInclude>
    <ClInclude Include="pch.h">
      <Filter>Header Files</Filter>
    </ClInclude>
    <ClInclude Include="..\..\libjxl\lib\jxl\ac_context.h">
      <Filter>Source Files</Filter>
    </ClInclude>
    <ClInclude Include="..\..\libjxl\lib\jxl\ac_strategy.h">
      <Filter>Source Files</Filter>
    </ClInclude>
    <ClInclude Include="..\..\libjxl\lib\jxl\alpha.h">
      <Filter>Source Files</Filter>
    </ClInclude>
    <ClInclude Include="..\..\libjxl\lib\jxl\ans_common.h">
      <Filter>Source Files</Filter>
    </ClInclude>
    <ClInclude Include="..\..\libjxl\lib\jxl\ans_params.h">
      <Filter>Source Files</Filter>
    </ClInclude>
    <ClInclude Include="..\..\libjxl\lib\jxl\aux_out.h">
      <Filter>Source Files</Filter>
    </ClInclude>
    <ClInclude Include="..\..\libjxl\lib\jxl\aux_out_fwd.h">
      <Filter>Source Files</Filter>
    </ClInclude>
    <ClInclude Include="..\..\libjxl\lib\jxl\base\arch_macros.h">
      <Filter>Source Files</Filter>
    </ClInclude>
    <ClInclude Include="..\..\libjxl\lib\jxl\base\bits.h">
      <Filter>Source Files</Filter>
    </ClInclude>
    <ClInclude Include="..\..\libjxl\lib\jxl\base\byte_order.h">
      <Filter>Source Files</Filter>
    </ClInclude>
    <ClInclude Include="..\..\libjxl\lib\jxl\base\cache_aligned.h">
      <Filter>Source Files</Filter>
    </ClInclude>
    <ClInclude Include="..\..\libjxl\lib\jxl\base\compiler_specific.h">
      <Filter>Source Files</Filter>
    </ClInclude>
    <ClInclude Include="..\..\libjxl\lib\jxl\base\data_parallel.h">
      <Filter>Source Files</Filter>
    </ClInclude>
    <ClInclude Include="..\..\libjxl\lib\jxl\base\file_io.h">
      <Filter>Source Files</Filter>
    </ClInclude>
    <ClInclude Include="..\..\libjxl\lib\jxl\base\iaca.h">
      <Filter>Source Files</Filter>
    </ClInclude>
    <ClInclude Include="..\..\libjxl\lib\jxl\base\os_macros.h">
      <Filter>Source Files</Filter>
    </ClInclude>
    <ClInclude Include="..\..\libjxl\lib\jxl\base\override.h">
      <Filter>Source Files</Filter>
    </ClInclude>
    <ClInclude Include="..\..\libjxl\lib\jxl\base\padded_bytes.h">
      <Filter>Source Files</Filter>
    </ClInclude>
    <ClInclude Include="..\..\libjxl\lib\jxl\base\printf_macros.h">
      <Filter>Source Files</Filter>
    </ClInclude>
    <ClInclude Include="..\..\libjxl\lib\jxl\base\profiler.h">
      <Filter>Source Files</Filter>
    </ClInclude>
    <ClInclude Include="..\..\libjxl\lib\jxl\base\random.h">
      <Filter>Source Files</Filter>
    </ClInclude>
    <ClInclude Include="..\..\libjxl\lib\jxl\base\scope_guard.h">
      <Filter>Source Files</Filter>
    </ClInclude>
    <ClInclude Include="..\..\libjxl\lib\jxl\base\span.h">
      <Filter>Source Files</Filter>
    </ClInclude>
    <ClInclude Include="..\..\libjxl\lib\jxl\base\status.h">
      <Filter>Source Files</Filter>
    </ClInclude>
    <ClInclude Include="..\..\libjxl\lib\jxl\base\thread_pool_internal.h">
      <Filter>Source Files</Filter>
    </ClInclude>
    <ClInclude Include="..\..\libjxl\lib\jxl\blending.h">
      <Filter>Source Files</Filter>
    </ClInclude>
    <ClInclude Include="..\..\libjxl\lib\jxl\box_content_decoder.h">
      <Filter>Source Files</Filter>
    </ClInclude>
    <ClInclude Include="..\..\libjxl\lib\jxl\butteraugli\butteraugli.h">
      <Filter>Source Files</Filter>
    </ClInclude>
    <ClInclude Include="..\..\libjxl\lib\jxl\chroma_from_luma.h">
      <Filter>Source Files</Filter>
    </ClInclude>
    <ClInclude Include="..\..\libjxl\lib\jxl\codec_in_out.h">
      <Filter>Source Files</Filter>
    </ClInclude>
    <ClInclude Include="..\..\libjxl\lib\jxl\coeff_order.h">
      <Filter>Source Files</Filter>
    </ClInclude>
    <ClInclude Include="..\..\libjxl\lib\jxl\coeff_order_fwd.h">
      <Filter>Source Files</Filter>
    </ClInclude>
    <ClInclude Include="..\..\libjxl\lib\jxl\color_encoding_internal.h">
      <Filter>Source Files</Filter>
    </ClInclude>
    <ClInclude Include="..\..\libjxl\lib\jxl\color_management.h">
      <Filter>Source Files</Filter>
    </ClInclude>
    <ClInclude Include="..\..\libjxl\lib\jxl\common.h">
      <Filter>Source Files</Filter>
    </ClInclude>
    <ClInclude Include="..\..\libjxl\lib\jxl\compressed_dc.h">
      <Filter>Source Files</Filter>
    </ClInclude>
    <ClInclude Include="..\..\libjxl\lib\jxl\convolve-inl.h">
      <Filter>Source Files</Filter>
    </ClInclude>
    <ClInclude Include="..\..\libjxl\lib\jxl\convolve.h">
      <Filter>Source Files</Filter>
    </ClInclude>
    <ClInclude Include="..\..\libjxl\lib\jxl\dct-inl.h">
      <Filter>Source Files</Filter>
    </ClInclude>
    <ClInclude Include="..\..\libjxl\lib\jxl\dct_block-inl.h">
      <Filter>Source Files</Filter>
    </ClInclude>
    <ClInclude Include="..\..\libjxl\lib\jxl\dct_for_test.h">
      <Filter>Source Files</Filter>
    </ClInclude>
    <ClInclude Include="..\..\libjxl\lib\jxl\dct_scales.h">
      <Filter>Source Files</Filter>
    </ClInclude>
    <ClInclude Include="..\..\libjxl\lib\jxl\dct_util.h">
      <Filter>Source Files</Filter>
    </ClInclude>
    <ClInclude Include="..\..\libjxl\lib\jxl\decode_to_jpeg.h">
      <Filter>Source Files</Filter>
    </ClInclude>
    <ClInclude Include="..\..\libjxl\lib\jxl\dec_ans.h">
      <Filter>Source Files</Filter>
    </ClInclude>
    <ClInclude Include="..\..\libjxl\lib\jxl\dec_bit_reader.h">
      <Filter>Source Files</Filter>
    </ClInclude>
    <ClInclude Include="..\..\libjxl\lib\jxl\dec_cache.h">
      <Filter>Source Files</Filter>
    </ClInclude>
    <ClInclude Include="..\..\libjxl\lib\jxl\dec_context_map.h">
      <Filter>Source Files</Filter>
    </ClInclude>
    <ClInclude Include="..\..\libjxl\lib\jxl\dec_external_image.h">
      <Filter>Source Files</Filter>
    </ClInclude>
    <ClInclude Include="..\..\libjxl\lib\jxl\dec_frame.h">
      <Filter>Source Files</Filter>
    </ClInclude>
    <ClInclude Include="..\..\libjxl\lib\jxl\dec_group.h">
      <Filter>Source Files</Filter>
    </ClInclude>
    <ClInclude Include="..\..\libjxl\lib\jxl\dec_group_border.h">
      <Filter>Source Files</Filter>
    </ClInclude>
    <ClInclude Include="..\..\libjxl\lib\jxl\dec_huffman.h">
      <Filter>Source Files</Filter>
    </ClInclude>
    <ClInclude Include="..\..\libjxl\lib\jxl\dec_modular.h">
      <Filter>Source Files</Filter>
    </ClInclude>
    <ClInclude Include="..\..\libjxl\lib\jxl\dec_noise.h">
      <Filter>Source Files</Filter>
    </ClInclude>
    <ClInclude Include="..\..\libjxl\lib\jxl\dec_params.h">
      <Filter>Source Files</Filter>
    </ClInclude>
    <ClInclude Include="..\..\libjxl\lib\jxl\dec_patch_dictionary.h">
      <Filter>Source Files</Filter>
    </ClInclude>
    <ClInclude Include="..\..\libjxl\lib\jxl\dec_transforms-inl.h">
      <Filter>Source Files</Filter>
    </ClInclude>
    <ClInclude Include="..\..\libjxl\lib\jxl\dec_transforms_testonly.h">
      <Filter>Source Files</Filter>
    </ClInclude>
    <ClInclude Include="..\..\libjxl\lib\jxl\dec_xyb-inl.h">
      <Filter>Source Files</Filter>
    </ClInclude>
    <ClInclude Include="..\..\libjxl\lib\jxl\dec_xyb.h">
      <Filter>Source Files</Filter>
    </ClInclude>
    <ClInclude Include="..\..\libjxl\lib\jxl\encode_internal.h">
      <Filter>Source Files</Filter>
    </ClInclude>
    <ClInclude Include="..\..\libjxl\lib\jxl\enc_ac_strategy.h">
      <Filter>Source Files</Filter>
    </ClInclude>
    <ClInclude Include="..\..\libjxl\lib\jxl\enc_adaptive_quantization.h">
      <Filter>Source Files</Filter>
    </ClInclude>
    <ClInclude Include="..\..\libjxl\lib\jxl\enc_ans.h">
      <Filter>Source Files</Filter>
    </ClInclude>
    <ClInclude Include="..\..\libjxl\lib\jxl\enc_ans_params.h">
      <Filter>Source Files</Filter>
    </ClInclude>
    <ClInclude Include="..\..\libjxl\lib\jxl\enc_ar_control_field.h">
      <Filter>Source Files</Filter>
    </ClInclude>
    <ClInclude Include="..\..\libjxl\lib\jxl\enc_bit_writer.h">
      <Filter>Source Files</Filter>
    </ClInclude>
    <ClInclude Include="..\..\libjxl\lib\jxl\enc_butteraugli_comparator.h">
      <Filter>Source Files</Filter>
    </ClInclude>
    <ClInclude Include="..\..\libjxl\lib\jxl\enc_butteraugli_pnorm.h">
      <Filter>Source Files</Filter>
    </ClInclude>
    <ClInclude Include="..\..\libjxl\lib\jxl\enc_cache.h">
      <Filter>Source Files</Filter>
    </ClInclude>
    <ClInclude Include="..\..\libjxl\lib\jxl\enc_chroma_from_luma.h">
      <Filter>Source Files</Filter>
    </ClInclude>
    <ClInclude Include="..\..\libjxl\lib\jxl\enc_cluster.h">
      <Filter>Source Files</Filter>
    </ClInclude>
    <ClInclude Include="..\..\libjxl\lib\jxl\enc_coeff_order.h">
      <Filter>Source Files</Filter>
    </ClInclude>
    <ClInclude Include="..\..\libjxl\lib\jxl\enc_color_management.h">
      <Filter>Source Files</Filter>
    </ClInclude>
    <ClInclude Include="..\..\libjxl\lib\jxl\enc_comparator.h">
      <Filter>Source Files</Filter>
    </ClInclude>
    <ClInclude Include="..\..\libjxl\lib\jxl\enc_context_map.h">
      <Filter>Source Files</Filter>
    </ClInclude>
    <ClInclude Include="..\..\libjxl\lib\jxl\enc_detect_dots.h">
      <Filter>Source Files</Filter>
    </ClInclude>
    <ClInclude Include="..\..\libjxl\lib\jxl\enc_dot_dictionary.h">
      <Filter>Source Files</Filter>
    </ClInclude>
    <ClInclude Include="..\..\libjxl\lib\jxl\enc_entropy_coder.h">
      <Filter>Source Files</Filter>
    </ClInclude>
    <ClInclude Include="..\..\libjxl\lib\jxl\enc_external_image.h">
      <Filter>Source Files</Filter>
    </ClInclude>
    <ClInclude Include="..\..\libjxl\lib\jxl\enc_fast_lossless.h">
      <Filter>Source Files</Filter>
    </ClInclude>
    <ClInclude Include="..\..\libjxl\lib\jxl\enc_file.h">
      <Filter>Source Files</Filter>
    </ClInclude>
    <ClInclude Include="..\..\libjxl\lib\jxl\enc_frame.h">
      <Filter>Source Files</Filter>
    </ClInclude>
    <ClInclude Include="..\..\libjxl\lib\jxl\enc_gamma_correct.h">
      <Filter>Source Files</Filter>
    </ClInclude>
    <ClInclude Include="..\..\libjxl\lib\jxl\enc_group.h">
      <Filter>Source Files</Filter>
    </ClInclude>
    <ClInclude Include="..\..\libjxl\lib\jxl\enc_heuristics.h">
      <Filter>Source Files</Filter>
    </ClInclude>
    <ClInclude Include="..\..\libjxl\lib\jxl\enc_huffman.h">
      <Filter>Source Files</Filter>
    </ClInclude>
    <ClInclude Include="..\..\libjxl\lib\jxl\enc_icc_codec.h">
      <Filter>Source Files</Filter>
    </ClInclude>
    <ClInclude Include="..\..\libjxl\lib\jxl\enc_image_bundle.h">
      <Filter>Source Files</Filter>
    </ClInclude>
    <ClInclude Include="..\..\libjxl\lib\jxl\enc_jxl_skcms.h">
      <Filter>Source Files</Filter>
    </ClInclude>
    <ClInclude Include="..\..\libjxl\lib\jxl\enc_modular.h">
      <Filter>Source Files</Filter>
    </ClInclude>
    <ClInclude Include="..\..\libjxl\lib\jxl\enc_noise.h">
      <Filter>Source Files</Filter>
    </ClInclude>
    <ClInclude Include="..\..\libjxl\lib\jxl\enc_params.h">
      <Filter>Source Files</Filter>
    </ClInclude>
    <ClInclude Include="..\..\libjxl\lib\jxl\enc_patch_dictionary.h">
      <Filter>Source Files</Filter>
    </ClInclude>
    <ClInclude Include="..\..\libjxl\lib\jxl\enc_photon_noise.h">
      <Filter>Source Files</Filter>
    </ClInclude>
    <ClInclude Include="..\..\libjxl\lib\jxl\enc_quant_weights.h">
      <Filter>Source Files</Filter>
    </ClInclude>
    <ClInclude Include="..\..\libjxl\lib\jxl\enc_splines.h">
      <Filter>Source Files</Filter>
    </ClInclude>
    <ClInclude Include="..\..\libjxl\lib\jxl\enc_toc.h">
      <Filter>Source Files</Filter>
    </ClInclude>
    <ClInclude Include="..\..\libjxl\lib\jxl\enc_transforms-inl.h">
      <Filter>Source Files</Filter>
    </ClInclude>
    <ClInclude Include="..\..\libjxl\lib\jxl\enc_transforms.h">
      <Filter>Source Files</Filter>
    </ClInclude>
    <ClInclude Include="..\..\libjxl\lib\jxl\enc_xyb.h">
      <Filter>Source Files</Filter>
    </ClInclude>
    <ClInclude Include="..\..\libjxl\lib\jxl\entropy_coder.h">
      <Filter>Source Files</Filter>
    </ClInclude>
    <ClInclude Include="..\..\libjxl\lib\jxl\epf.h">
      <Filter>Source Files</Filter>
    </ClInclude>
    <ClInclude Include="..\..\libjxl\lib\jxl\fake_parallel_runner_testonly.h">
      <Filter>Source Files</Filter>
    </ClInclude>
    <ClInclude Include="..\..\libjxl\lib\jxl\fast_dct-inl.h">
      <Filter>Source Files</Filter>
    </ClInclude>
    <ClInclude Include="..\..\libjxl\lib\jxl\fast_dct.h">
      <Filter>Source Files</Filter>
    </ClInclude>
    <ClInclude Include="..\..\libjxl\lib\jxl\fast_dct128-inl.h">
      <Filter>Source Files</Filter>
    </ClInclude>
    <ClInclude Include="..\..\libjxl\lib\jxl\fast_dct16-inl.h">
      <Filter>Source Files</Filter>
    </ClInclude>
    <ClInclude Include="..\..\libjxl\lib\jxl\fast_dct256-inl.h">
      <Filter>Source Files</Filter>
    </ClInclude>
    <ClInclude Include="..\..\libjxl\lib\jxl\fast_dct32-inl.h">
      <Filter>Source Files</Filter>
    </ClInclude>
    <ClInclude Include="..\..\libjxl\lib\jxl\fast_dct64-inl.h">
      <Filter>Source Files</Filter>
    </ClInclude>
    <ClInclude Include="..\..\libjxl\lib\jxl\fast_dct8-inl.h">
      <Filter>Source Files</Filter>
    </ClInclude>
    <ClInclude Include="..\..\libjxl\lib\jxl\fast_math-inl.h">
      <Filter>Source Files</Filter>
    </ClInclude>
    <ClInclude Include="..\..\libjxl\lib\jxl\fields.h">
      <Filter>Source Files</Filter>
    </ClInclude>
    <ClInclude Include="..\..\libjxl\lib\jxl\field_encodings.h">
      <Filter>Source Files</Filter>
    </ClInclude>
    <ClInclude Include="..\..\libjxl\lib\jxl\filters_internal.h">
      <Filter>Source Files</Filter>
    </ClInclude>
    <ClInclude Include="..\..\libjxl\lib\jxl\frame_header.h">
      <Filter>Source Files</Filter>
    </ClInclude>
    <ClInclude Include="..\..\libjxl\lib\jxl\gaborish.h">
      <Filter>Source Files</Filter>
    </ClInclude>
    <ClInclude Include="..\..\libjxl\lib\jxl\gauss_blur.h">
      <Filter>Source Files</Filter>
    </ClInclude>
    <ClInclude Include="..\..\libjxl\lib\jxl\headers.h">
      <Filter>Source Files</Filter>
    </ClInclude>
    <ClInclude Include="..\..\libjxl\lib\jxl\huffman_table.h">
      <Filter>Source Files</Filter>
    </ClInclude>
    <ClInclude Include="..\..\libjxl\lib\jxl\huffman_tree.h">
      <Filter>Source Files</Filter>
    </ClInclude>
    <ClInclude Include="..\..\libjxl\lib\jxl\icc_codec.h">
      <Filter>Source Files</Filter>
    </ClInclude>
    <ClInclude Include="..\..\libjxl\lib\jxl\icc_codec_common.h">
      <Filter>Source Files</Filter>
    </ClInclude>
    <ClInclude Include="..\..\libjxl\lib\jxl\image.h">
      <Filter>Source Files</Filter>
    </ClInclude>
    <ClInclude Include="..\..\libjxl\lib\jxl\image_bundle.h">
      <Filter>Source Files</Filter>
    </ClInclude>
    <ClInclude Include="..\..\libjxl\lib\jxl\image_metadata.h">
      <Filter>Source Files</Filter>
    </ClInclude>
    <ClInclude Include="..\..\libjxl\lib\jxl\image_ops.h">
      <Filter>Source Files</Filter>
    </ClInclude>
    <ClInclude Include="..\..\libjxl\lib\jxl\image_test_utils.h">
      <Filter>Source Files</Filter>
    </ClInclude>
    <ClInclude Include="..\..\libjxl\lib\jxl\jpeg\dec_jpeg_data.h">
      <Filter>Source Files</Filter>
    </ClInclude>
    <ClInclude Include="..\..\libjxl\lib\jxl\jpeg\dec_jpeg_data_writer.h">
      <Filter>Source Files</Filter>
    </ClInclude>
    <ClInclude Include="..\..\libjxl\lib\jxl\jpeg\dec_jpeg_output_chunk.h">
      <Filter>Source Files</Filter>
    </ClInclude>
    <ClInclude Include="..\..\libjxl\lib\jxl\jpeg\dec_jpeg_serialization_state.h">
      <Filter>Source Files</Filter>
    </ClInclude>
    <ClInclude Include="..\..\libjxl\lib\jxl\jpeg\enc_jpeg_data.h">
      <Filter>Source Files</Filter>
    </ClInclude>
    <ClInclude Include="..\..\libjxl\lib\jxl\jpeg\enc_jpeg_data_reader.h">
      <Filter>Source Files</Filter>
    </ClInclude>
    <ClInclude Include="..\..\libjxl\lib\jxl\jpeg\enc_jpeg_huffman_decode.h">
      <Filter>Source Files</Filter>
    </ClInclude>
    <ClInclude Include="..\..\libjxl\lib\jxl\jpeg\jpeg_data.h">
      <Filter>Source Files</Filter>
    </ClInclude>
    <ClInclude Include="..\..\libjxl\lib\jxl\jxl_inspection.h">
      <Filter>Source Files</Filter>
    </ClInclude>
    <ClInclude Include="..\..\libjxl\lib\jxl\lehmer_code.h">
      <Filter>Source Files</Filter>
    </ClInclude>
    <ClInclude Include="..\..\libjxl\lib\jxl\linalg.h">
      <Filter>Source Files</Filter>
    </ClInclude>
    <ClInclude Include="..\..\libjxl\lib\jxl\loop_filter.h">
      <Filter>Source Files</Filter>
    </ClInclude>
    <ClInclude Include="..\..\libjxl\lib\jxl\luminance.h">
      <Filter>Source Files</Filter>
    </ClInclude>
    <ClInclude Include="..\..\libjxl\lib\jxl\memory_manager_internal.h">
      <Filter>Source Files</Filter>
    </ClInclude>
    <ClInclude Include="..\..\libjxl\lib\jxl\modular\encoding\context_predict.h">
      <Filter>Source Files</Filter>
    </ClInclude>
    <ClInclude Include="..\..\libjxl\lib\jxl\modular\encoding\dec_ma.h">
      <Filter>Source Files</Filter>
    </ClInclude>
    <ClInclude Include="..\..\libjxl\lib\jxl\modular\encoding\encoding.h">
      <Filter>Source Files</Filter>
    </ClInclude>
    <ClInclude Include="..\..\libjxl\lib\jxl\modular\encoding\enc_debug_tree.h">
      <Filter>Source Files</Filter>
    </ClInclude>
    <ClInclude Include="..\..\libjxl\lib\jxl\modular\encoding\enc_encoding.h">
      <Filter>Source Files</Filter>
    </ClInclude>
    <ClInclude Include="..\..\libjxl\lib\jxl\modular\encoding\enc_ma.h">
      <Filter>Source Files</Filter>
    </ClInclude>
    <ClInclude Include="..\..\libjxl\lib\jxl\modular\encoding\ma_common.h">
      <Filter>Source Files</Filter>
    </ClInclude>
    <ClInclude Include="..\..\libjxl\lib\jxl\modular\modular_image.h">
      <Filter>Source Files</Filter>
    </ClInclude>
    <ClInclude Include="..\..\libjxl\lib\jxl\modular\options.h">
      <Filter>Source Files</Filter>
    </ClInclude>
    <ClInclude Include="..\..\libjxl\lib\jxl\modular\transform\enc_palette.h">
      <Filter>Source Files</Filter>
    </ClInclude>
    <ClInclude Include="..\..\libjxl\lib\jxl\modular\transform\enc_rct.h">
      <Filter>Source Files</Filter>
    </ClInclude>
    <ClInclude Include="..\..\libjxl\lib\jxl\modular\transform\enc_squeeze.h">
      <Filter>Source Files</Filter>
    </ClInclude>
    <ClInclude Include="..\..\libjxl\lib\jxl\modular\transform\enc_transform.h">
      <Filter>Source Files</Filter>
    </ClInclude>
    <ClInclude Include="..\..\libjxl\lib\jxl\modular\transform\palette.h">
      <Filter>Source Files</Filter>
    </ClInclude>
    <ClInclude Include="..\..\libjxl\lib\jxl\modular\transform\rct.h">
      <Filter>Source Files</Filter>
    </ClInclude>
    <ClInclude Include="..\..\libjxl\lib\jxl\modular\transform\squeeze.h">
      <Filter>Source Files</Filter>
    </ClInclude>
    <ClInclude Include="..\..\libjxl\lib\jxl\modular\transform\transform.h">
      <Filter>Source Files</Filter>
    </ClInclude>
    <ClInclude Include="..\..\libjxl\lib\jxl\noise.h">
      <Filter>Source Files</Filter>
    </ClInclude>
    <ClInclude Include="..\..\libjxl\lib\jxl\opsin_params.h">
      <Filter>Source Files</Filter>
    </ClInclude>
    <ClInclude Include="..\..\libjxl\lib\jxl\optimize.h">
      <Filter>Source Files</Filter>
    </ClInclude>
    <ClInclude Include="..\..\libjxl\lib\jxl\passes_state.h">
      <Filter>Source Files</Filter>
    </ClInclude>
    <ClInclude Include="..\..\libjxl\lib\jxl\patch_dictionary_internal.h">
      <Filter>Source Files</Filter>
    </ClInclude>
    <ClInclude Include="..\..\libjxl\lib\jxl\progressive_split.h">
      <Filter>Source Files</Filter>
    </ClInclude>
    <ClInclude Include="..\..\libjxl\lib\jxl\quantizer-inl.h">
      <Filter>Source Files</Filter>
    </ClInclude>
    <ClInclude Include="..\..\libjxl\lib\jxl\quantizer.h">
      <Filter>Source Files</Filter>
    </ClInclude>
    <ClInclude Include="..\..\libjxl\lib\jxl\quant_weights.h">
      <Filter>Source Files</Filter>
    </ClInclude>
    <ClInclude Include="..\..\libjxl\lib\jxl\rational_polynomial-inl.h">
      <Filter>Source Files</Filter>
    </ClInclude>
    <ClInclude Include="..\..\libjxl\lib\jxl\render_pipeline\low_memory_render_pipeline.h">
      <Filter>Source Files</Filter>
    </ClInclude>
    <ClInclude Include="..\..\libjxl\lib\jxl\render_pipeline\render_pipeline.h">
      <Filter>Source Files</Filter>
    </ClInclude>
    <ClInclude Include="..\..\libjxl\lib\jxl\render_pipeline\render_pipeline_stage.h">
      <Filter>Source Files</Filter>
    </ClInclude>
    <ClInclude Include="..\..\libjxl\lib\jxl\render_pipeline\simple_render_pipeline.h">
      <Filter>Source Files</Filter>
    </ClInclude>
    <ClInclude Include="..\..\libjxl\lib\jxl\render_pipeline\stage_blending.h">
      <Filter>Source Files</Filter>
    </ClInclude>
    <ClInclude Include="..\..\libjxl\lib\jxl\render_pipeline\stage_chroma_upsampling.h">
      <Filter>Source Files</Filter>
    </ClInclude>
    <ClInclude Include="..\..\libjxl\lib\jxl\render_pipeline\stage_epf.h">
      <Filter>Source Files</Filter>
    </ClInclude>
    <ClInclude Include="..\..\libjxl\lib\jxl\render_pipeline\stage_gaborish.h">
      <Filter>Source Files</Filter>
    </ClInclude>
    <ClInclude Include="..\..\libjxl\lib\jxl\render_pipeline\stage_noise.h">
      <Filter>Source Files</Filter>
    </ClInclude>
    <ClInclude Include="..\..\libjxl\lib\jxl\render_pipeline\stage_patches.h">
      <Filter>Source Files</Filter>
    </ClInclude>
    <ClInclude Include="..\..\libjxl\lib\jxl\render_pipeline\stage_splines.h">
      <Filter>Source Files</Filter>
    </ClInclude>
    <ClInclude Include="..\..\libjxl\lib\jxl\render_pipeline\stage_spot.h">
      <Filter>Source Files</Filter>
    </ClInclude>
    <ClInclude Include="..\..\libjxl\lib\jxl\render_pipeline\stage_upsampling.h">
      <Filter>Source Files</Filter>
    </ClInclude>
    <ClInclude Include="..\..\libjxl\lib\jxl\render_pipeline\stage_write.h">
      <Filter>Source Files</Filter>
    </ClInclude>
    <ClInclude Include="..\..\libjxl\lib\jxl\render_pipeline\stage_xyb.h">
      <Filter>Source Files</Filter>
    </ClInclude>
    <ClInclude Include="..\..\libjxl\lib\jxl\render_pipeline\stage_ycbcr.h">
      <Filter>Source Files</Filter>
    </ClInclude>
    <ClInclude Include="..\..\libjxl\lib\jxl\render_pipeline\test_render_pipeline_stages.h">
      <Filter>Source Files</Filter>
    </ClInclude>
    <ClInclude Include="..\..\libjxl\lib\jxl\sanitizers.h">
      <Filter>Source Files</Filter>
    </ClInclude>
    <ClInclude Include="..\..\libjxl\lib\jxl\simd_util-inl.h">
      <Filter>Source Files</Filter>
    </ClInclude>
    <ClInclude Include="..\..\libjxl\lib\jxl\size_constraints.h">
      <Filter>Source Files</Filter>
    </ClInclude>
    <ClInclude Include="..\..\libjxl\lib\jxl\splines.h">
      <Filter>Source Files</Filter>
    </ClInclude>
    <ClInclude Include="..\..\libjxl\lib\jxl\testdata.h">
      <Filter>Source Files</Filter>
    </ClInclude>
    <ClInclude Include="..\..\libjxl\lib\jxl\test_utils.h">
      <Filter>Source Files</Filter>
    </ClInclude>
    <ClInclude Include="..\..\libjxl\lib\jxl\toc.h">
      <Filter>Source Files</Filter>
    </ClInclude>
    <ClInclude Include="..\..\libjxl\lib\jxl\transfer_functions-inl.h">
      <Filter>Source Files</Filter>
    </ClInclude>
    <ClInclude Include="..\..\libjxl\lib\jxl\transpose-inl.h">
      <Filter>Source Files</Filter>
    </ClInclude>
    <ClInclude Include="..\..\libjxl\lib\jxl\xorshift128plus-inl.h">
      <Filter>Source Files</Filter>
    </ClInclude>
    <ClInclude Include="..\..\libjxl\lib\profiler\profiler.h">
      <Filter>Source Files</Filter>
    </ClInclude>
    <ClInclude Include="..\..\libjxl\lib\profiler\tsc_timer.h">
      <Filter>Source Files</Filter>
    </ClInclude>
    <ClInclude Include="..\..\libjxl\lib\threads\thread_parallel_runner_internal.h">
      <Filter>Source Files</Filter>
    </ClInclude>
  </ItemGroup>
  <ItemGroup>
    <ClCompile Include="..\..\libjxl\lib\jxl\ac_strategy.cc">
      <Filter>Source Files</Filter>
    </ClCompile>
    <ClCompile Include="..\..\libjxl\lib\jxl\alpha.cc">
      <Filter>Source Files</Filter>
    </ClCompile>
    <ClCompile Include="..\..\libjxl\lib\jxl\ans_common.cc">
      <Filter>Source Files</Filter>
    </ClCompile>
    <ClCompile Include="..\..\libjxl\lib\jxl\aux_out.cc">
      <Filter>Source Files</Filter>
    </ClCompile>
    <ClCompile Include="..\..\libjxl\lib\jxl\base\cache_aligned.cc">
      <Filter>Source Files</Filter>
    </ClCompile>
    <ClCompile Include="..\..\libjxl\lib\jxl\base\data_parallel.cc">
      <Filter>Source Files</Filter>
    </ClCompile>
    <ClCompile Include="..\..\libjxl\lib\jxl\base\padded_bytes.cc">
      <Filter>Source Files</Filter>
    </ClCompile>
    <ClCompile Include="..\..\libjxl\lib\jxl\base\random.cc">
      <Filter>Source Files</Filter>
    </ClCompile>
    <ClCompile Include="..\..\libjxl\lib\jxl\blending.cc">
      <Filter>Source Files</Filter>
    </ClCompile>
    <ClCompile Include="..\..\libjxl\lib\jxl\box_content_decoder.cc">
      <Filter>Source Files</Filter>
    </ClCompile>
    <ClCompile Include="..\..\libjxl\lib\jxl\butteraugli\butteraugli.cc">
      <Filter>Source Files</Filter>
    </ClCompile>
    <ClCompile Include="..\..\libjxl\lib\jxl\butteraugli_wrapper.cc">
      <Filter>Source Files</Filter>
    </ClCompile>
    <ClCompile Include="..\..\libjxl\lib\jxl\chroma_from_luma.cc">
      <Filter>Source Files</Filter>
    </ClCompile>
    <ClCompile Include="..\..\libjxl\lib\jxl\coeff_order.cc">
      <Filter>Source Files</Filter>
    </ClCompile>
    <ClCompile Include="..\..\libjxl\lib\jxl\color_encoding_internal.cc">
      <Filter>Source Files</Filter>
    </ClCompile>
    <ClCompile Include="..\..\libjxl\lib\jxl\color_management.cc">
      <Filter>Source Files</Filter>
    </ClCompile>
    <ClCompile Include="..\..\libjxl\lib\jxl\compressed_dc.cc">
      <Filter>Source Files</Filter>
    </ClCompile>
    <ClCompile Include="..\..\libjxl\lib\jxl\convolve_slow.cc">
      <Filter>Source Files</Filter>
    </ClCompile>
    <ClCompile Include="..\..\libjxl\lib\jxl\convolve_separable5.cc">
      <Filter>Source Files</Filter>
    </ClCompile>
    <ClCompile Include="..\..\libjxl\lib\jxl\convolve_separable7.cc">
      <Filter>Source Files</Filter>
    </ClCompile>
    <ClCompile Include="..\..\libjxl\lib\jxl\convolve_symmetric3.cc">
      <Filter>Source Files</Filter>
    </ClCompile>
    <ClCompile Include="..\..\libjxl\lib\jxl\convolve_symmetric5.cc">
      <Filter>Source Files</Filter>
    </ClCompile>
    <ClCompile Include="..\..\libjxl\lib\jxl\dct_scales.cc">
      <Filter>Source Files</Filter>
    </ClCompile>
    <ClCompile Include="..\..\libjxl\lib\jxl\decode.cc">
      <Filter>Source Files</Filter>
    </ClCompile>
    <ClCompile Include="..\..\libjxl\lib\jxl\decode_to_jpeg.cc">
      <Filter>Source Files</Filter>
    </ClCompile>
    <ClCompile Include="..\..\libjxl\lib\jxl\dec_ans.cc">
      <Filter>Source Files</Filter>
    </ClCompile>
    <ClCompile Include="..\..\libjxl\lib\jxl\dec_cache.cc">
      <Filter>Source Files</Filter>
    </ClCompile>
    <ClCompile Include="..\..\libjxl\lib\jxl\dec_context_map.cc">
      <Filter>Source Files</Filter>
    </ClCompile>
    <ClCompile Include="..\..\libjxl\lib\jxl\dec_external_image.cc">
      <Filter>Source Files</Filter>
    </ClCompile>
    <ClCompile Include="..\..\libjxl\lib\jxl\dec_frame.cc">
      <Filter>Source Files</Filter>
    </ClCompile>
    <ClCompile Include="..\..\libjxl\lib\jxl\dec_group.cc">
      <Filter>Source Files</Filter>
    </ClCompile>
    <ClCompile Include="..\..\libjxl\lib\jxl\dec_group_border.cc">
      <Filter>Source Files</Filter>
    </ClCompile>
    <ClCompile Include="..\..\libjxl\lib\jxl\dec_huffman.cc">
      <Filter>Source Files</Filter>
    </ClCompile>
    <ClCompile Include="..\..\libjxl\lib\jxl\dec_modular.cc">
      <Filter>Source Files</Filter>
    </ClCompile>
    <ClCompile Include="..\..\libjxl\lib\jxl\dec_noise.cc">
      <Filter>Source Files</Filter>
    </ClCompile>
    <ClCompile Include="..\..\libjxl\lib\jxl\dec_patch_dictionary.cc">
      <Filter>Source Files</Filter>
    </ClCompile>
    <ClCompile Include="..\..\libjxl\lib\jxl\dec_transforms_testonly.cc">
      <Filter>Source Files</Filter>
    </ClCompile>
    <ClCompile Include="..\..\libjxl\lib\jxl\dec_xyb.cc">
      <Filter>Source Files</Filter>
    </ClCompile>
    <ClCompile Include="..\..\libjxl\lib\jxl\encode.cc">
      <Filter>Source Files</Filter>
    </ClCompile>
    <ClCompile Include="..\..\libjxl\lib\jxl\enc_ac_strategy.cc">
      <Filter>Source Files</Filter>
    </ClCompile>
    <ClCompile Include="..\..\libjxl\lib\jxl\enc_adaptive_quantization.cc">
      <Filter>Source Files</Filter>
    </ClCompile>
    <ClCompile Include="..\..\libjxl\lib\jxl\enc_ans.cc">
      <Filter>Source Files</Filter>
    </ClCompile>
    <ClCompile Include="..\..\libjxl\lib\jxl\enc_ar_control_field.cc">
      <Filter>Source Files</Filter>
    </ClCompile>
    <ClCompile Include="..\..\libjxl\lib\jxl\enc_bit_writer.cc">
      <Filter>Source Files</Filter>
    </ClCompile>
    <ClCompile Include="..\..\libjxl\lib\jxl\enc_butteraugli_comparator.cc">
      <Filter>Source Files</Filter>
    </ClCompile>
    <ClCompile Include="..\..\libjxl\lib\jxl\enc_butteraugli_pnorm.cc">
      <Filter>Source Files</Filter>
    </ClCompile>
    <ClCompile Include="..\..\libjxl\lib\jxl\enc_cache.cc">
      <Filter>Source Files</Filter>
    </ClCompile>
    <ClCompile Include="..\..\libjxl\lib\jxl\enc_chroma_from_luma.cc">
      <Filter>Source Files</Filter>
    </ClCompile>
    <ClCompile Include="..\..\libjxl\lib\jxl\enc_cluster.cc">
      <Filter>Source Files</Filter>
    </ClCompile>
    <ClCompile Include="..\..\libjxl\lib\jxl\enc_coeff_order.cc">
      <Filter>Source Files</Filter>
    </ClCompile>
    <ClCompile Include="..\..\libjxl\lib\jxl\enc_color_management.cc">
      <Filter>Source Files</Filter>
    </ClCompile>
    <ClCompile Include="..\..\libjxl\lib\jxl\enc_comparator.cc">
      <Filter>Source Files</Filter>
    </ClCompile>
    <ClCompile Include="..\..\libjxl\lib\jxl\enc_context_map.cc">
      <Filter>Source Files</Filter>
    </ClCompile>
    <ClCompile Include="..\..\libjxl\lib\jxl\enc_detect_dots.cc">
      <Filter>Source Files</Filter>
    </ClCompile>
    <ClCompile Include="..\..\libjxl\lib\jxl\enc_dot_dictionary.cc">
      <Filter>Source Files</Filter>
    </ClCompile>
    <ClCompile Include="..\..\libjxl\lib\jxl\enc_entropy_coder.cc">
      <Filter>Source Files</Filter>
    </ClCompile>
    <ClCompile Include="..\..\libjxl\lib\jxl\enc_external_image.cc">
      <Filter>Source Files</Filter>
    </ClCompile>
    <ClCompile Include="..\..\libjxl\lib\jxl\enc_fast_lossless.cc">
      <Filter>Source Files</Filter>
    </ClCompile>
    <ClCompile Include="..\..\libjxl\lib\jxl\enc_file.cc">
      <Filter>Source Files</Filter>
    </ClCompile>
    <ClCompile Include="..\..\libjxl\lib\jxl\enc_frame.cc">
      <Filter>Source Files</Filter>
    </ClCompile>
    <ClCompile Include="..\..\libjxl\lib\jxl\enc_group.cc">
      <Filter>Source Files</Filter>
    </ClCompile>
    <ClCompile Include="..\..\libjxl\lib\jxl\enc_heuristics.cc">
      <Filter>Source Files</Filter>
    </ClCompile>
    <ClCompile Include="..\..\libjxl\lib\jxl\enc_huffman.cc">
      <Filter>Source Files</Filter>
    </ClCompile>
    <ClCompile Include="..\..\libjxl\lib\jxl\enc_icc_codec.cc">
      <Filter>Source Files</Filter>
    </ClCompile>
    <ClCompile Include="..\..\libjxl\lib\jxl\enc_image_bundle.cc">
      <Filter>Source Files</Filter>
    </ClCompile>
    <ClCompile Include="..\..\libjxl\lib\jxl\enc_modular.cc">
      <Filter>Source Files</Filter>
    </ClCompile>
    <ClCompile Include="..\..\libjxl\lib\jxl\enc_noise.cc">
      <Filter>Source Files</Filter>
    </ClCompile>
    <ClCompile Include="..\..\libjxl\lib\jxl\enc_patch_dictionary.cc">
      <Filter>Source Files</Filter>
    </ClCompile>
    <ClCompile Include="..\..\libjxl\lib\jxl\enc_photon_noise.cc">
      <Filter>Source Files</Filter>
    </ClCompile>
    <ClCompile Include="..\..\libjxl\lib\jxl\enc_quant_weights.cc">
      <Filter>Source Files</Filter>
    </ClCompile>
    <ClCompile Include="..\..\libjxl\lib\jxl\enc_splines.cc">
      <Filter>Source Files</Filter>
    </ClCompile>
    <ClCompile Include="..\..\libjxl\lib\jxl\enc_toc.cc">
      <Filter>Source Files</Filter>
    </ClCompile>
    <ClCompile Include="..\..\libjxl\lib\jxl\enc_transforms.cc">
      <Filter>Source Files</Filter>
    </ClCompile>
    <ClCompile Include="..\..\libjxl\lib\jxl\enc_xyb.cc">
      <Filter>Source Files</Filter>
    </ClCompile>
    <ClCompile Include="..\..\libjxl\lib\jxl\entropy_coder.cc">
      <Filter>Source Files</Filter>
    </ClCompile>
    <ClCompile Include="..\..\libjxl\lib\jxl\epf.cc">
      <Filter>Source Files</Filter>
    </ClCompile>
    <ClCompile Include="..\..\libjxl\lib\jxl\fast_dct.cc">
      <Filter>Source Files</Filter>
    </ClCompile>
    <ClCompile Include="..\..\libjxl\lib\jxl\fields.cc">
      <Filter>Source Files</Filter>
    </ClCompile>
    <ClCompile Include="..\..\libjxl\lib\jxl\frame_header.cc">
      <Filter>Source Files</Filter>
    </ClCompile>
    <ClCompile Include="..\..\libjxl\lib\jxl\gaborish.cc">
      <Filter>Source Files</Filter>
    </ClCompile>
    <ClCompile Include="..\..\libjxl\lib\jxl\gauss_blur.cc">
      <Filter>Source Files</Filter>
    </ClCompile>
    <ClCompile Include="..\..\libjxl\lib\jxl\headers.cc">
      <Filter>Source Files</Filter>
    </ClCompile>
    <ClCompile Include="..\..\libjxl\lib\jxl\huffman_table.cc">
      <Filter>Source Files</Filter>
    </ClCompile>
    <ClCompile Include="..\..\libjxl\lib\jxl\huffman_tree.cc">
      <Filter>Source Files</Filter>
    </ClCompile>
    <ClCompile Include="..\..\libjxl\lib\jxl\icc_codec.cc">
      <Filter>Source Files</Filter>
    </ClCompile>
    <ClCompile Include="..\..\libjxl\lib\jxl\icc_codec_common.cc">
      <Filter>Source Files</Filter>
    </ClCompile>
    <ClCompile Include="..\..\libjxl\lib\jxl\image.cc">
      <Filter>Source Files</Filter>
    </ClCompile>
    <ClCompile Include="..\..\libjxl\lib\jxl\image_bundle.cc">
      <Filter>Source Files</Filter>
    </ClCompile>
    <ClCompile Include="..\..\libjxl\lib\jxl\image_metadata.cc">
      <Filter>Source Files</Filter>
    </ClCompile>
    <ClCompile Include="..\..\libjxl\lib\jxl\jpeg\dec_jpeg_data.cc">
      <Filter>Source Files</Filter>
    </ClCompile>
    <ClCompile Include="..\..\libjxl\lib\jxl\jpeg\dec_jpeg_data_writer.cc">
      <Filter>Source Files</Filter>
    </ClCompile>
    <ClCompile Include="..\..\libjxl\lib\jxl\jpeg\enc_jpeg_data.cc">
      <Filter>Source Files</Filter>
    </ClCompile>
    <ClCompile Include="..\..\libjxl\lib\jxl\jpeg\enc_jpeg_data_reader.cc">
      <Filter>Source Files</Filter>
    </ClCompile>
    <ClCompile Include="..\..\libjxl\lib\jxl\jpeg\enc_jpeg_huffman_decode.cc">
      <Filter>Source Files</Filter>
    </ClCompile>
    <ClCompile Include="..\..\libjxl\lib\jxl\jpeg\jpeg_data.cc">
      <Filter>Source Files</Filter>
    </ClCompile>
    <ClCompile Include="..\..\libjxl\lib\jxl\linalg.cc">
      <Filter>Source Files</Filter>
    </ClCompile>
    <ClCompile Include="..\..\libjxl\lib\jxl\loop_filter.cc">
      <Filter>Source Files</Filter>
    </ClCompile>
    <ClCompile Include="..\..\libjxl\lib\jxl\luminance.cc">
      <Filter>Source Files</Filter>
    </ClCompile>
    <ClCompile Include="..\..\libjxl\lib\jxl\memory_manager_internal.cc">
      <Filter>Source Files</Filter>
    </ClCompile>
    <ClCompile Include="..\..\libjxl\lib\jxl\modular\encoding\dec_ma.cc">
      <Filter>Source Files</Filter>
    </ClCompile>
    <ClCompile Include="..\..\libjxl\lib\jxl\modular\encoding\encoding.cc">
      <Filter>Source Files</Filter>
    </ClCompile>
    <ClCompile Include="..\..\libjxl\lib\jxl\modular\encoding\enc_debug_tree.cc">
      <Filter>Source Files</Filter>
    </ClCompile>
    <ClCompile Include="..\..\libjxl\lib\jxl\modular\encoding\enc_encoding.cc">
      <Filter>Source Files</Filter>
    </ClCompile>
    <ClCompile Include="..\..\libjxl\lib\jxl\modular\encoding\enc_ma.cc">
      <Filter>Source Files</Filter>
    </ClCompile>
    <ClCompile Include="..\..\libjxl\lib\jxl\modular\modular_image.cc">
      <Filter>Source Files</Filter>
    </ClCompile>
    <ClCompile Include="..\..\libjxl\lib\jxl\modular\transform\enc_palette.cc">
      <Filter>Source Files</Filter>
    </ClCompile>
    <ClCompile Include="..\..\libjxl\lib\jxl\modular\transform\enc_rct.cc">
      <Filter>Source Files</Filter>
    </ClCompile>
    <ClCompile Include="..\..\libjxl\lib\jxl\modular\transform\enc_squeeze.cc">
      <Filter>Source Files</Filter>
    </ClCompile>
    <ClCompile Include="..\..\libjxl\lib\jxl\modular\transform\enc_transform.cc">
      <Filter>Source Files</Filter>
    </ClCompile>
    <ClCompile Include="..\..\libjxl\lib\jxl\modular\transform\rct.cc">
      <Filter>Source Files</Filter>
    </ClCompile>
    <ClCompile Include="..\..\libjxl\lib\jxl\modular\transform\squeeze.cc">
      <Filter>Source Files</Filter>
    </ClCompile>
    <ClCompile Include="..\..\libjxl\lib\jxl\modular\transform\transform.cc">
      <Filter>Source Files</Filter>
    </ClCompile>
    <ClCompile Include="..\..\libjxl\lib\jxl\opsin_params.cc">
      <Filter>Source Files</Filter>
    </ClCompile>
    <ClCompile Include="..\..\libjxl\lib\jxl\optimize.cc">
      <Filter>Source Files</Filter>
    </ClCompile>
    <ClCompile Include="..\..\libjxl\lib\jxl\passes_state.cc">
      <Filter>Source Files</Filter>
    </ClCompile>
    <ClCompile Include="..\..\libjxl\lib\jxl\progressive_split.cc">
      <Filter>Source Files</Filter>
    </ClCompile>
    <ClCompile Include="..\..\libjxl\lib\jxl\quantizer.cc">
      <Filter>Source Files</Filter>
    </ClCompile>
    <ClCompile Include="..\..\libjxl\lib\jxl\quant_weights.cc">
      <Filter>Source Files</Filter>
    </ClCompile>
    <ClCompile Include="..\..\libjxl\lib\jxl\render_pipeline\low_memory_render_pipeline.cc">
      <Filter>Source Files</Filter>
    </ClCompile>
    <ClCompile Include="..\..\libjxl\lib\jxl\render_pipeline\render_pipeline.cc">
      <Filter>Source Files</Filter>
    </ClCompile>
    <ClCompile Include="..\..\libjxl\lib\jxl\render_pipeline\simple_render_pipeline.cc">
      <Filter>Source Files</Filter>
    </ClCompile>
    <ClCompile Include="..\..\libjxl\lib\jxl\render_pipeline\stage_blending.cc">
      <Filter>Source Files</Filter>
    </ClCompile>
    <ClCompile Include="..\..\libjxl\lib\jxl\render_pipeline\stage_chroma_upsampling.cc">
      <Filter>Source Files</Filter>
    </ClCompile>
    <ClCompile Include="..\..\libjxl\lib\jxl\render_pipeline\stage_epf.cc">
      <Filter>Source Files</Filter>
    </ClCompile>
    <ClCompile Include="..\..\libjxl\lib\jxl\render_pipeline\stage_gaborish.cc">
      <Filter>Source Files</Filter>
    </ClCompile>
    <ClCompile Include="..\..\libjxl\lib\jxl\render_pipeline\stage_noise.cc">
      <Filter>Source Files</Filter>
    </ClCompile>
    <ClCompile Include="..\..\libjxl\lib\jxl\render_pipeline\stage_patches.cc">
      <Filter>Source Files</Filter>
    </ClCompile>
    <ClCompile Include="..\..\libjxl\lib\jxl\render_pipeline\stage_splines.cc">
      <Filter>Source Files</Filter>
    </ClCompile>
    <ClCompile Include="..\..\libjxl\lib\jxl\render_pipeline\stage_spot.cc">
      <Filter>Source Files</Filter>
    </ClCompile>
    <ClCompile Include="..\..\libjxl\lib\jxl\render_pipeline\stage_upsampling.cc">
      <Filter>Source Files</Filter>
    </ClCompile>
    <ClCompile Include="..\..\libjxl\lib\jxl\render_pipeline\stage_write.cc">
      <Filter>Source Files</Filter>
    </ClCompile>
    <ClCompile Include="..\..\libjxl\lib\jxl\render_pipeline\stage_xyb.cc">
      <Filter>Source Files</Filter>
    </ClCompile>
    <ClCompile Include="..\..\libjxl\lib\jxl\render_pipeline\stage_ycbcr.cc">
      <Filter>Source Files</Filter>
    </ClCompile>
    <ClCompile Include="..\..\libjxl\lib\jxl\splines.cc">
      <Filter>Source Files</Filter>
    </ClCompile>
    <ClCompile Include="..\..\libjxl\lib\jxl\toc.cc">
      <Filter>Source Files</Filter>
    </ClCompile>
    <ClCompile Include="..\..\libjxl\lib\profiler\profiler.cc">
      <Filter>Source Files</Filter>
    </ClCompile>
    <ClCompile Include="..\..\libjxl\lib\threads\resizable_parallel_runner.cc">
      <Filter>Source Files</Filter>
    </ClCompile>
    <ClCompile Include="..\..\libjxl\lib\threads\thread_parallel_runner.cc">
      <Filter>Source Files</Filter>
    </ClCompile>
    <ClCompile Include="..\..\libjxl\lib\threads\thread_parallel_runner_internal.cc">
      <Filter>Source Files</Filter>
    </ClCompile>
    <ClCompile Include="..\..\libjxl\third_party\skcms\skcms.cc">
      <Filter>skcms</Filter>
    </ClCompile>
    <ClCompile Include="..\..\libjxl\lib\jxl\render_pipeline\stage_from_linear.cc">
      <Filter>Source Files</Filter>
    </ClCompile>
    <ClCompile Include="..\..\libjxl\lib\jxl\render_pipeline\stage_to_linear.cc">
      <Filter>Source Files</Filter>
    </ClCompile>
    <ClCompile Include="..\..\libjxl\lib\jxl\render_pipeline\stage_tone_mapping.cc">
      <Filter>Source Files</Filter>
    </ClCompile>
  </ItemGroup>
  <ItemGroup>
    <None Include="settings\jxlDebug.props">
      <Filter>settings</Filter>
    </None>
    <None Include="settings\jxlFlags.props">
      <Filter>settings</Filter>
    </None>
    <None Include="settings\jxlRelease.props">
      <Filter>settings</Filter>
    </None>
  </ItemGroup>
</Project>
